<Solution>
  <Folder Name="/ProductService/">
    <Project Path="ProductService/ProductService.csproj" />
  </Folder>
  <Folder Name="/Solution Items/">
    <File Path=".editorconfig" />
    <File Path="Directory.Build.props" />
    <File Path="Directory.Packages.props" />
  </Folder>
  <Folder Name="/UserService/">
    <Project Path="UserService/UserService.csproj" />
  </Folder>
</Solution>
